<?xml version="1.0" encoding="UTF-8"?>
<CONFIG>
  <ProjectOptions>
    <Version Value="12"/>
    <PathDelim Value="\"/>
    <General>
      <Flags>
        <CompatibilityMode Value="True"/>
      </Flags>
      <SessionStorage Value="InProjectDir"/>
      <Title Value="LazDebFpTest"/>
      <ResourceType Value="res"/>
      <UseXPManifest Value="True"/>
    </General>
    <BuildModes Count="16">
      <Item1 Name="O- CRriot gh gt Sa" Default="True"/>
      <Item2 Name="O- CRriot gh gtt Sa">
        <CompilerOptions>
          <Version Value="11"/>
          <PathDelim Value="\"/>
          <Target>
            <Filename Value="LazDebFpTest"/>
          </Target>
          <SearchPaths>
            <IncludeFiles Value="$(ProjOutDir)"/>
            <UnitOutputDirectory Value="lib\$(TargetCPU)-$(TargetOS)"/>
          </SearchPaths>
          <Linking>
            <Debugging>
              <DebugInfoType Value="dsDwarf2Set"/>
            </Debugging>
          </Linking>
        </CompilerOptions>
      </Item2>
      <Item3 Name="O- CRriot gh gttt Sa">
        <CompilerOptions>
          <Version Value="11"/>
          <PathDelim Value="\"/>
          <Target>
            <Filename Value="LazDebFpTest"/>
          </Target>
          <SearchPaths>
            <IncludeFiles Value="$(ProjOutDir)"/>
            <UnitOutputDirectory Value="lib\$(TargetCPU)-$(TargetOS)"/>
          </SearchPaths>
          <Linking>
            <Debugging>
              <DebugInfoType Value="dsDwarf2Set"/>
            </Debugging>
          </Linking>
        </CompilerOptions>
      </Item3>
      <Item4 Name="O- CRriot  Sa">
        <CompilerOptions>
          <Version Value="11"/>
          <PathDelim Value="\"/>
          <Target>
            <Filename Value="LazDebFpTest"/>
          </Target>
          <SearchPaths>
            <IncludeFiles Value="$(ProjOutDir)"/>
            <UnitOutputDirectory Value="lib\$(TargetCPU)-$(TargetOS)"/>
          </SearchPaths>
          <Linking>
            <Debugging>
              <DebugInfoType Value="dsDwarf2Set"/>
            </Debugging>
          </Linking>
        </CompilerOptions>
      </Item4>
      <Item5 Name="O1 Criot gh gt Sa">
        <CompilerOptions>
          <Version Value="11"/>
          <PathDelim Value="\"/>
          <Target>
            <Filename Value="LazDebFpTest"/>
          </Target>
          <SearchPaths>
            <IncludeFiles Value="$(ProjOutDir)"/>
            <UnitOutputDirectory Value="lib\$(TargetCPU)-$(TargetOS)"/>
          </SearchPaths>
          <Linking>
            <Debugging>
              <DebugInfoType Value="dsDwarf2Set"/>
            </Debugging>
          </Linking>
        </CompilerOptions>
      </Item5>
      <Item6 Name="O1 Criot gh gtt Sa Si">
        <CompilerOptions>
          <Version Value="11"/>
          <PathDelim Value="\"/>
          <Target>
            <Filename Value="LazDebFpTest"/>
          </Target>
          <SearchPaths>
            <IncludeFiles Value="$(ProjOutDir)"/>
            <UnitOutputDirectory Value="lib\$(TargetCPU)-$(TargetOS)"/>
          </SearchPaths>
          <Linking>
            <Debugging>
              <DebugInfoType Value="dsDwarf2Set"/>
            </Debugging>
          </Linking>
        </CompilerOptions>
      </Item6>
      <Item7 Name="O1 Criot Si">
        <CompilerOptions>
          <Version Value="11"/>
          <PathDelim Value="\"/>
          <Target>
            <Filename Value="LazDebFpTest"/>
          </Target>
          <SearchPaths>
            <IncludeFiles Value="$(ProjOutDir)"/>
            <UnitOutputDirectory Value="lib\$(TargetCPU)-$(TargetOS)"/>
          </SearchPaths>
          <Linking>
            <Debugging>
              <DebugInfoType Value="dsDwarf2Set"/>
            </Debugging>
          </Linking>
        </CompilerOptions>
      </Item7>
      <Item8 Name="O2 CRriot Sa Si">
        <CompilerOptions>
          <Version Value="11"/>
          <PathDelim Value="\"/>
          <Target>
            <Filename Value="LazDebFpTest"/>
          </Target>
          <SearchPaths>
            <IncludeFiles Value="$(ProjOutDir)"/>
            <UnitOutputDirectory Value="lib\$(TargetCPU)-$(TargetOS)"/>
          </SearchPaths>
          <Linking>
            <Debugging>
              <DebugInfoType Value="dsDwarf2Set"/>
            </Debugging>
          </Linking>
        </CompilerOptions>
      </Item8>
      <Item9 Name="O2 Sa Si">
        <CompilerOptions>
          <Version Value="11"/>
          <PathDelim Value="\"/>
          <Target>
            <Filename Value="LazDebFpTest"/>
          </Target>
          <SearchPaths>
            <IncludeFiles Value="$(ProjOutDir)"/>
            <UnitOutputDirectory Value="lib\$(TargetCPU)-$(TargetOS)"/>
          </SearchPaths>
          <Linking>
            <Debugging>
              <DebugInfoType Value="dsDwarf2Set"/>
            </Debugging>
          </Linking>
        </CompilerOptions>
      </Item9>
      <Item10 Name="O3 Sa Si">
        <CompilerOptions>
          <Version Value="11"/>
          <PathDelim Value="\"/>
          <Target>
            <Filename Value="LazDebFpTest"/>
          </Target>
          <SearchPaths>
            <IncludeFiles Value="$(ProjOutDir)"/>
            <UnitOutputDirectory Value="lib\$(TargetCPU)-$(TargetOS)"/>
          </SearchPaths>
          <Linking>
            <Debugging>
              <DebugInfoType Value="dsDwarf2Set"/>
            </Debugging>
          </Linking>
        </CompilerOptions>
      </Item10>
      <Item11 Name="O- opt">
        <CompilerOptions>
          <Version Value="11"/>
          <PathDelim Value="\"/>
          <Target>
            <Filename Value="LazDebFpTest"/>
          </Target>
          <SearchPaths>
            <IncludeFiles Value="$(ProjOutDir)"/>
            <UnitOutputDirectory Value="lib\$(TargetCPU)-$(TargetOS)"/>
          </SearchPaths>
          <Linking>
            <Debugging>
              <DebugInfoType Value="dsDwarf2Set"/>
            </Debugging>
          </Linking>
        </CompilerOptions>
      </Item11>
      <Item12 Name="O1 opt">
        <CompilerOptions>
          <Version Value="11"/>
          <PathDelim Value="\"/>
          <Target>
            <Filename Value="LazDebFpTest"/>
          </Target>
          <SearchPaths>
            <IncludeFiles Value="$(ProjOutDir)"/>
            <UnitOutputDirectory Value="lib\$(TargetCPU)-$(TargetOS)"/>
          </SearchPaths>
          <Linking>
            <Debugging>
              <DebugInfoType Value="dsDwarf2Set"/>
            </Debugging>
          </Linking>
        </CompilerOptions>
      </Item12>
      <Item13 Name="O2 opt">
        <CompilerOptions>
          <Version Value="11"/>
          <PathDelim Value="\"/>
          <Target>
            <Filename Value="LazDebFpTest"/>
          </Target>
          <SearchPaths>
            <IncludeFiles Value="$(ProjOutDir)"/>
            <UnitOutputDirectory Value="lib\$(TargetCPU)-$(TargetOS)"/>
          </SearchPaths>
          <Linking>
            <Debugging>
              <DebugInfoType Value="dsDwarf2Set"/>
            </Debugging>
          </Linking>
        </CompilerOptions>
      </Item13>
      <Item14 Name="O3 opt">
        <CompilerOptions>
          <Version Value="11"/>
          <PathDelim Value="\"/>
          <Target>
            <Filename Value="LazDebFpTest"/>
          </Target>
          <SearchPaths>
            <IncludeFiles Value="$(ProjOutDir)"/>
            <UnitOutputDirectory Value="lib\$(TargetCPU)-$(TargetOS)"/>
          </SearchPaths>
          <Linking>
            <Debugging>
              <DebugInfoType Value="dsDwarf2Set"/>
            </Debugging>
          </Linking>
        </CompilerOptions>
      </Item14>
      <Item15 Name="O4 opt">
        <CompilerOptions>
          <Version Value="11"/>
          <PathDelim Value="\"/>
          <Target>
            <Filename Value="LazDebFpTest"/>
          </Target>
          <SearchPaths>
            <IncludeFiles Value="$(ProjOutDir)"/>
            <UnitOutputDirectory Value="lib\$(TargetCPU)-$(TargetOS)"/>
          </SearchPaths>
          <Linking>
            <Debugging>
              <DebugInfoType Value="dsDwarf2Set"/>
            </Debugging>
          </Linking>
        </CompilerOptions>
      </Item15>
      <Item16 Name="32 bit O- CRriot gh gt">
        <CompilerOptions>
          <Version Value="11"/>
          <PathDelim Value="\"/>
          <Target>
            <Filename Value="LazDebFpTest"/>
          </Target>
          <SearchPaths>
            <IncludeFiles Value="$(ProjOutDir)"/>
            <UnitOutputDirectory Value="lib\$(TargetCPU)-$(TargetOS)"/>
          </SearchPaths>
          <CodeGeneration>
            <TargetCPU Value="i386"/>
          </CodeGeneration>
          <Linking>
            <Debugging>
              <DebugInfoType Value="dsDwarf2Set"/>
            </Debugging>
          </Linking>
        </CompilerOptions>
      </Item16>
      <SharedMatrixOptions Count="20">
        <Item1 ID="892138315231" Targets="#project,LazDebuggerFp,FpDebug,DebuggerIntf" Modes="O- CRriot gh gt Sa,O- CRriot gh gtt Sa,O- CRriot gh gttt Sa,O- CRriot  Sa,O- opt,32 bit O- CRriot gh gt" Value="-O-"/>
        <Item2 ID="942436582238" Targets="#project,LazDebuggerFp,FpDebug,DebuggerIntf" Modes="O1 Criot gh gt Sa,O1 Criot gh gtt Sa Si,O1 Criot Si,O1 opt" Value="-O-1"/>
        <Item3 ID="862987172568" Targets="#project,LazDebuggerFp,FpDebug,DebuggerIntf" Modes="O2 CRriot Sa Si,O2 Sa Si,O2 opt" Value="-O-2"/>
        <Item4 ID="065298354086" Targets="#project,LazDebuggerFp,FpDebug,DebuggerIntf" Modes="O3 Sa Si,O3 opt" Value="-O-3"/>
        <Item5 ID="450520149060" Targets="#project,LazDebuggerFp,FpDebug,DebuggerIntf" Modes="O4 opt" Value="-O-4"/>
        <Item6 ID="707355750253" Targets="#project,LazDebuggerFp,FpDebug,DebuggerIntf" Modes="O- CRriot gh gt Sa,O- CRriot gh gtt Sa,O- CRriot gh gttt Sa,O- CRriot  Sa,O1 Criot gh gt Sa,32 bit O- CRriot gh gt" Value="-Si-"/>
        <Item7 ID="015770976638" Targets="#project,LazDebuggerFp,FpDebug,DebuggerIntf" Modes="O1 Criot gh gtt Sa Si,O1 Criot Si,O2 CRriot Sa Si,O2 Sa Si,O3 Sa Si,O- opt,O1 opt,O2 opt,O3 opt,O4 opt" Value="-Si"/>
        <Item8 ID="829928402724" Targets="#project,LazDebuggerFp,FpDebug,DebuggerIntf" Modes="O1 Criot Si,O- opt,O1 opt,O2 opt,O3 opt,O4 opt" Value="-Sa-"/>
        <Item9 ID="741586091227" Targets="#project,LazDebuggerFp,FpDebug,DebuggerIntf" Modes="O- CRriot gh gt Sa,O- CRriot gh gtt Sa,O- CRriot gh gttt Sa,O- CRriot  Sa,O1 Criot gh gt Sa,O1 Criot gh gtt Sa Si,O2 CRriot Sa Si,O2 Sa Si,O3 Sa Si,32 bit O- CRriot gh gt" Value="-Sa"/>
        <Item10 ID="384346637257" Targets="#project,LazDebuggerFp,FpDebug,DebuggerIntf" Modes="O- CRriot gh gt Sa,O- CRriot gh gtt Sa,O- CRriot gh gttt Sa,O1 Criot gh gt Sa,O1 Criot gh gtt Sa Si,32 bit O- CRriot gh gt" Value="-gh"/>
        <Item11 ID="938629446379" Targets="#project,LazDebuggerFp,FpDebug,DebuggerIntf" Modes="O- CRriot gh gt Sa,O1 Criot gh gt Sa,32 bit O- CRriot gh gt" Value="-gt"/>
        <Item12 ID="083874750360" Targets="#project,LazDebuggerFp,FpDebug,DebuggerIntf" Modes="O- CRriot gh gtt Sa,O1 Criot gh gtt Sa Si" Value="-gtt"/>
        <Item13 ID="624937376596" Targets="#project,LazDebuggerFp,FpDebug,DebuggerIntf" Modes="O- CRriot gh gttt Sa" Value="-gttt"/>
        <Item14 ID="960178335680" Targets="#project,LazDebuggerFp,FpDebug,DebuggerIntf" Modes="O1 Criot gh gt Sa,O1 Criot gh gtt Sa Si,O1 Criot Si,O2 Sa Si,O3 Sa Si,O- opt,O1 opt,O2 opt,O3 opt,O4 opt" Value="-CR-"/>
        <Item15 ID="580833933537" Targets="#project,LazDebuggerFp,FpDebug,DebuggerIntf" Modes="O- CRriot gh gt Sa,O- CRriot gh gtt Sa,O- CRriot gh gttt Sa,O- CRriot  Sa,O2 CRriot Sa Si,32 bit O- CRriot gh gt" Value="-CR"/>
        <Item16 ID="896975201702" Targets="#project,LazDebuggerFp,FpDebug,DebuggerIntf" Modes="O2 Sa Si,O3 Sa Si,O- opt,O1 opt,O2 opt,O3 opt,O4 opt" Value="-Cr- -Ci- -Co- -Ct-"/>
        <Item17 ID="596749297552" Targets="#project,LazDebuggerFp,FpDebug,DebuggerIntf" Modes="O- CRriot gh gt Sa,O- CRriot gh gtt Sa,O- CRriot gh gttt Sa,O- CRriot  Sa,O1 Criot gh gt Sa,O1 Criot Si,O1 Criot gh gtt Sa Si,O2 CRriot Sa Si,32 bit O- CRriot gh gt" Value="-Criot"/>
        <Item18 ID="313431544377" Targets="#project,LazDebuggerFp,FpDebug,DebuggerIntf" Modes="O- CRriot gh gt Sa,O- CRriot gh gtt Sa,O- CRriot gh gttt Sa,O- CRriot  Sa,O1 Criot gh gt Sa,O1 Criot gh gtt Sa Si,O1 Criot Si,O2 CRriot Sa Si,O3 Sa Si,O2 Sa Si,O- opt,O1 opt,O2 opt,O4 opt,O3 opt,32 bit O- CRriot gh gt" Value="-gw2 -godwarfsets -gl"/>
        <Item19 ID="509503769266" Targets="#project,LazDebuggerFp,FpDebug,DebuggerIntf" Modes="O- opt,O1 opt,O2 opt,O3 opt,O4 opt" Value="-dLINUX_NO_PTRACE_ALIGN"/>
        <Item20 ID="678633917513" Targets="#project,LazDebuggerFp,FpDebug,DebuggerIntf" Modes="O- opt,O1 opt,O2 opt,O3 opt,O4 opt" Value="-dFORCE_LAZLOGGER_DUMMY"/>
      </SharedMatrixOptions>
    </BuildModes>
    <PublishOptions>
      <Version Value="2"/>
      <UseFileFilters Value="True"/>
    </PublishOptions>
    <RunParams>
      <FormatVersion Value="2"/>
    </RunParams>
    <RequiredPackages Count="5">
      <Item1>
        <PackageName Value="LazDebugTestBase"/>
      </Item1>
      <Item2>
        <PackageName Value="LazDebuggerFp"/>
      </Item2>
      <Item3>
        <PackageName Value="fpcunittestrunner"/>
      </Item3>
      <Item4>
        <PackageName Value="LCL"/>
      </Item4>
      <Item5>
        <PackageName Value="FCL"/>
      </Item5>
    </RequiredPackages>
    <Units Count="7">
      <Unit0>
        <Filename Value="LazDebFpTest.lpr"/>
        <IsPartOfProject Value="True"/>
      </Unit0>
      <Unit1>
        <Filename Value="testwatches.pas"/>
        <IsPartOfProject Value="True"/>
        <UnitName Value="TestWatches"/>
      </Unit1>
      <Unit2>
        <Filename Value="testbase.pas"/>
        <IsPartOfProject Value="True"/>
        <UnitName Value="TestBase"/>
      </Unit2>
      <Unit3>
        <Filename Value="testvarious.pas"/>
        <IsPartOfProject Value="True"/>
        <UnitName Value="TestVarious"/>
      </Unit3>
      <Unit4>
        <Filename Value="testbreakpoint.pas"/>
        <IsPartOfProject Value="True"/>
        <UnitName Value="TestBreakPoint"/>
      </Unit4>
      <Unit5>
        <Filename Value="teststepping.pas"/>
        <IsPartOfProject Value="True"/>
        <UnitName Value="TestStepping"/>
      </Unit5>
      <Unit6>
        <Filename Value="testasm.pas"/>
        <IsPartOfProject Value="True"/>
        <UnitName Value="TestAsm"/>
      </Unit6>
    </Units>
  </ProjectOptions>
  <CompilerOptions>
    <Version Value="11"/>
    <PathDelim Value="\"/>
    <Target>
      <Filename Value="LazDebFpTest"/>
    </Target>
    <SearchPaths>
      <IncludeFiles Value="$(ProjOutDir)"/>
      <UnitOutputDirectory Value="lib\$(TargetCPU)-$(TargetOS)"/>
    </SearchPaths>
    <Parsing>
      <SyntaxOptions>
        <CPPInline Value="False"/>
      </SyntaxOptions>
    </Parsing>
    <Linking>
      <Debugging>
        <DebugInfoType Value="dsDwarf2Set"/>
      </Debugging>
    </Linking>
  </CompilerOptions>
  <Debugging>
    <Exceptions Count="5">
      <Item1>
        <Name Value="EAbort"/>
      </Item1>
      <Item2>
        <Name Value="ECodetoolError"/>
      </Item2>
      <Item3>
        <Name Value="EFOpenError"/>
      </Item3>
      <Item4>
        <Name Value="EAssertionFailedError"/>
      </Item4>
      <Item5>
        <Name Value="EResNotFound"/>
      </Item5>
    </Exceptions>
  </Debugging>
</CONFIG>
