<?xml version="1.0" encoding="UTF-8"?>
<CONFIG>
  <ProjectOptions>
    <Version Value="12"/>
    <PathDelim Value="\"/>
    <General>
      <SessionStorage Value="InIDEConfig"/>
      <UseXPManifest Value="True"/>
    </General>
    <VersionInfo>
      <Language Value=""/>
      <CharSet Value=""/>
    </VersionInfo>
    <BuildModes>
      <Item Name="default" Default="True"/>
    </BuildModes>
    <PublishOptions>
      <Version Value="2"/>
    </PublishOptions>
    <RunParams>
      <local>
        <LaunchingApplication PathPlusParams="/usr/X11R6/bin/xterm -T &apos;Lazarus Run Output&apos; -e $(LazarusDir)/tools/runwait.sh $(TargetCmdLine)"/>
      </local>
      <FormatVersion Value="2"/>
      <Modes>
        <Mode Name="default">
          <local>
            <LaunchingApplication PathPlusParams="/usr/X11R6/bin/xterm -T &apos;Lazarus Run Output&apos; -e $(LazarusDir)/tools/runwait.sh $(TargetCmdLine)"/>
          </local>
        </Mode>
      </Modes>
    </RunParams>
    <RequiredPackages>
      <Item>
        <PackageName Value="SynEdit"/>
      </Item>
      <Item>
        <PackageName Value="CodeTools"/>
      </Item>
      <Item>
        <PackageName Value="FPCUnitTestRunner"/>
      </Item>
      <Item>
        <PackageName Value="LCL"/>
      </Item>
      <Item>
        <PackageName Value="FCL"/>
      </Item>
    </RequiredPackages>
    <Units>
      <Unit>
        <Filename Value="SynTest.lpr"/>
        <IsPartOfProject Value="True"/>
      </Unit>
      <Unit>
        <Filename Value="testsynselection.pas"/>
        <IsPartOfProject Value="True"/>
        <UnitName Value="TestSynSelection"/>
      </Unit>
      <Unit>
        <Filename Value="testbase.pas"/>
        <IsPartOfProject Value="True"/>
        <UnitName Value="TestBase"/>
      </Unit>
      <Unit>
        <Filename Value="testsynbeautifier.pas"/>
        <IsPartOfProject Value="True"/>
        <UnitName Value="TestSynBeautifier"/>
      </Unit>
      <Unit>
        <Filename Value="testsyncroedit.pas"/>
        <IsPartOfProject Value="True"/>
        <UnitName Value="TestSyncroEdit"/>
      </Unit>
      <Unit>
        <Filename Value="testtrimspace.pas"/>
        <IsPartOfProject Value="True"/>
        <UnitName Value="TestTrimSpace"/>
      </Unit>
      <Unit>
        <Filename Value="testhighlightxml.pas"/>
        <IsPartOfProject Value="True"/>
        <UnitName Value="TestHighlightXml"/>
      </Unit>
      <Unit>
        <Filename Value="testhighlightmulti.pas"/>
        <IsPartOfProject Value="True"/>
        <UnitName Value="TestHighlightMulti"/>
      </Unit>
      <Unit>
        <Filename Value="testbasicsynedit.pas"/>
        <IsPartOfProject Value="True"/>
        <UnitName Value="TestBasicSynEdit"/>
      </Unit>
      <Unit>
        <Filename Value="testfoldedview.pas"/>
        <IsPartOfProject Value="True"/>
        <UnitName Value="TestFoldedView"/>
      </Unit>
      <Unit>
        <Filename Value="testhighlightpas.pas"/>
        <IsPartOfProject Value="True"/>
        <UnitName Value="TestHighlightPas"/>
      </Unit>
      <Unit>
        <Filename Value="testmarkupwordgroup.pas"/>
        <IsPartOfProject Value="True"/>
        <UnitName Value="TestMarkupwordGroup"/>
      </Unit>
      <Unit>
        <Filename Value="testbookmarks.pas"/>
        <IsPartOfProject Value="True"/>
        <UnitName Value="TestBookMarks"/>
      </Unit>
      <Unit>
        <Filename Value="testsynsharededits.pas"/>
        <IsPartOfProject Value="True"/>
        <UnitName Value="TestSynSharedEdits"/>
      </Unit>
      <Unit>
        <Filename Value="testblockindent.pas"/>
        <IsPartOfProject Value="True"/>
        <UnitName Value="TestBlockIndent"/>
      </Unit>
      <Unit>
        <Filename Value="testhighlighterlfm.pas"/>
        <IsPartOfProject Value="True"/>
        <UnitName Value="TestHighlighterLfm"/>
      </Unit>
      <Unit>
        <Filename Value="testhighlightfoldbase.pas"/>
        <IsPartOfProject Value="True"/>
        <UnitName Value="TestHighlightFoldBase"/>
      </Unit>
      <Unit>
        <Filename Value="testsyntextarea.pas"/>
        <IsPartOfProject Value="True"/>
        <UnitName Value="TestSynTextArea"/>
      </Unit>
      <Unit>
        <Filename Value="testnavigation.pas"/>
        <IsPartOfProject Value="True"/>
        <UnitName Value="TestNavigation"/>
      </Unit>
      <Unit>
        <Filename Value="testmarkupifdef.pas"/>
        <IsPartOfProject Value="True"/>
        <UnitName Value="TestMarkupIfDef"/>
      </Unit>
      <Unit>
        <Filename Value="testpaintcolormerging.pas"/>
        <IsPartOfProject Value="True"/>
        <UnitName Value="TestPaintColorMerging"/>
      </Unit>
      <Unit>
        <Filename Value="testmarkupfoldcoloring.pas"/>
        <IsPartOfProject Value="True"/>
        <UnitName Value="TestMarkupFoldColoring"/>
      </Unit>
      <Unit>
        <Filename Value="testsynmulticaret.pas"/>
        <IsPartOfProject Value="True"/>
        <UnitName Value="TestSynMultiCaret"/>
      </Unit>
      <Unit>
        <Filename Value="testwordwrap.pas"/>
        <IsPartOfProject Value="True"/>
        <UnitName Value="TestWordWrap"/>
      </Unit>
    </Units>
  </ProjectOptions>
  <CompilerOptions>
    <Version Value="11"/>
    <PathDelim Value="\"/>
    <SearchPaths>
      <IncludeFiles Value="$(ProjOutDir)"/>
      <UnitOutputDirectory Value="units\$(TargetCPU)-$(TargetOS)"/>
    </SearchPaths>
    <Parsing>
      <SyntaxOptions>
        <CPPInline Value="False"/>
      </SyntaxOptions>
    </Parsing>
    <CodeGeneration>
      <Checks>
        <RangeChecks Value="True"/>
        <OverflowChecks Value="True"/>
        <StackChecks Value="True"/>
      </Checks>
    </CodeGeneration>
    <Linking>
      <Debugging>
        <DebugInfoType Value="dsDwarf3"/>
        <UseHeaptrc Value="True"/>
      </Debugging>
    </Linking>
    <Other>
      <CustomOptions Value="-gt
-dWithSynBiDi"/>
    </Other>
  </CompilerOptions>
  <Debugging>
    <Exceptions>
      <Item>
        <Name Value="EAbort"/>
      </Item>
      <Item>
        <Name Value="ECodetoolError"/>
      </Item>
      <Item>
        <Name Value="EFOpenError"/>
      </Item>
    </Exceptions>
  </Debugging>
</CONFIG>
