<?xml version="1.0" encoding="UTF-8"?>
<CONFIG>
  <ProjectOptions>
    <Version Value="13"/>
    <PathDelim Value="\"/>
    <General>
      <Scaled Value="True"/>
      <UseXPManifest Value="True"/>
      <XPManifest>
        <DpiAware Value="True"/>
      </XPManifest>
      <Icon Value="0"/>
    </General>
    <BuildModes>
      <Item Name="default" Default="True"/>
    </BuildModes>
    <PublishOptions>
      <Version Value="2"/>
    </PublishOptions>
    <RunParams>
      <local>
        <LaunchingApplication PathPlusParams="\usr\X11R6\bin\xterm -T &apos;Lazarus Run Output&apos; -e $(LazarusDir)\tools\runwait.sh $(TargetCmdLine)"/>
      </local>
      <FormatVersion Value="2"/>
      <Modes>
        <Mode Name="default">
          <local>
            <LaunchingApplication PathPlusParams="\usr\X11R6\bin\xterm -T &apos;Lazarus Run Output&apos; -e $(LazarusDir)\tools\runwait.sh $(TargetCmdLine)"/>
          </local>
        </Mode>
      </Modes>
    </RunParams>
    <RequiredPackages>
      <Item>
        <PackageName Value="Printer4Lazarus"/>
        <MinVersion Minor="5" Valid="True"/>
      </Item>
      <Item>
        <PackageName Value="LCL"/>
      </Item>
    </RequiredPackages>
    <Units>
      <Unit>
        <Filename Value="lmftest.lpr"/>
        <IsPartOfProject Value="True"/>
        <Loaded Value="True"/>
        <LoadedDesigner Value="True"/>
        <UsageCount Value="38"/>
        <CursorPos X="44" Y="17"/>
        <SyntaxHighlighter Value="Delphi"/>
      </Unit>
      <Unit>
        <Filename Value="unit1.pas"/>
        <ComponentName Value="Form1"/>
        <ResourceBaseClass Value="Form"/>
        <UnitName Value="Unit1"/>
        <UsageCount Value="24"/>
        <CursorPos X="43" Y="27"/>
        <SyntaxHighlighter Value="Delphi"/>
      </Unit>
      <Unit>
        <Filename Value="rptfrma.pas"/>
        <IsPartOfProject Value="True"/>
        <ComponentName Value="RptFormA"/>
        <HasResources Value="True"/>
        <ResourceBaseClass Value="Form"/>
        <Loaded Value="True"/>
        <LoadedDesigner Value="True"/>
        <UsageCount Value="38"/>
        <EditorIndex Value="1"/>
        <TopLine Value="269"/>
        <CursorPos X="32" Y="283"/>
        <SyntaxHighlighter Value="Delphi"/>
        <Bookmarks Count="1">
          <Item0 X="41" Y="230" Left="1" Top="216" ID="1"/>
        </Bookmarks>
      </Unit>
      <Unit>
        <Filename Value="..\..\dcommon\fontutils.pas"/>
        <UsageCount Value="11"/>
        <TopLine Value="92"/>
        <CursorPos X="47" Y="90"/>
        <SyntaxHighlighter Value="Delphi"/>
      </Unit>
      <Unit>
        <Filename Value="..\..\..\..\..\lcl\graphics.pp"/>
        <UnitName Value="Graphics"/>
        <UsageCount Value="14"/>
        <TopLine Value="75"/>
        <CursorPos X="30" Y="65"/>
        <SyntaxHighlighter Value="Delphi"/>
      </Unit>
      <Unit>
        <Filename Value="lmf.pas"/>
        <UsageCount Value="12"/>
        <EditorIndex Value="-1"/>
        <SyntaxHighlighter Value="Delphi"/>
      </Unit>
      <Unit>
        <Filename Value="..\..\..\..\..\lcl\include\control.inc"/>
        <UsageCount Value="12"/>
        <TopLine Value="1189"/>
        <CursorPos Y="1209"/>
        <SyntaxHighlighter Value="Delphi"/>
      </Unit>
      <Unit>
        <Filename Value="..\..\..\..\..\lcl\include\canvas.inc"/>
        <UsageCount Value="14"/>
        <TopLine Value="881"/>
        <CursorPos X="45" Y="905"/>
        <SyntaxHighlighter Value="Delphi"/>
      </Unit>
      <Unit>
        <Filename Value="..\..\dcommon\lmf.pas"/>
        <UsageCount Value="16"/>
        <TopLine Value="861"/>
        <CursorPos X="11" Y="880"/>
        <SyntaxHighlighter Value="Delphi"/>
      </Unit>
      <Unit>
        <Filename Value="..\..\..\..\..\lcl\include\rasterimage.inc"/>
        <UsageCount Value="12"/>
        <TopLine Value="215"/>
        <CursorPos X="68" Y="240"/>
        <SyntaxHighlighter Value="Delphi"/>
      </Unit>
      <Unit>
        <Filename Value="..\..\..\..\..\fpc\2.3.1\source\rtl\win\wininc\struct.inc"/>
        <UsageCount Value="10"/>
        <TopLine Value="197"/>
        <CursorPos X="6" Y="217"/>
        <SyntaxHighlighter Value="Delphi"/>
      </Unit>
      <Unit>
        <Filename Value="..\..\..\..\..\lcl\include\picture.inc"/>
        <UsageCount Value="12"/>
        <TopLine Value="636"/>
        <CursorPos Y="656"/>
        <SyntaxHighlighter Value="Delphi"/>
      </Unit>
      <Unit>
        <Filename Value="..\..\..\..\..\lcl\extctrls.pp"/>
        <UnitName Value="ExtCtrls"/>
        <UsageCount Value="11"/>
        <TopLine Value="1131"/>
        <CursorPos X="33" Y="1052"/>
        <SyntaxHighlighter Value="Delphi"/>
      </Unit>
      <Unit>
        <Filename Value="..\..\..\..\..\lcl\controls.pp"/>
        <UnitName Value="Controls"/>
        <UsageCount Value="11"/>
        <TopLine Value="1078"/>
        <CursorPos X="23" Y="1082"/>
        <SyntaxHighlighter Value="Delphi"/>
      </Unit>
      <Unit>
        <Filename Value="..\..\..\..\..\fpc\2.3.1\source\packages\fcl-image\src\fpcanvas.pp"/>
        <UnitName Value="FPCanvas"/>
        <UsageCount Value="11"/>
        <TopLine Value="227"/>
        <CursorPos X="25" Y="234"/>
        <SyntaxHighlighter Value="Delphi"/>
      </Unit>
      <Unit>
        <Filename Value="..\..\..\..\..\fpc\2.3.1\source\packages\fcl-image\src\fpcanvas.inc"/>
        <UsageCount Value="11"/>
        <TopLine Value="436"/>
        <SyntaxHighlighter Value="Delphi"/>
      </Unit>
      <Unit>
        <Filename Value="..\..\lazarus\components\printers\printer4lazarus.pas"/>
        <UnitName Value="Printer4Lazarus"/>
        <UsageCount Value="12"/>
        <EditorIndex Value="-1"/>
        <CursorPos X="21" Y="10"/>
      </Unit>
      <Unit>
        <Filename Value="..\..\lazarus\components\printers\osprinters.pas"/>
        <UnitName Value="OSPrinters"/>
        <UsageCount Value="12"/>
        <EditorIndex Value="-1"/>
        <TopLine Value="47"/>
        <CursorPos X="20" Y="75"/>
      </Unit>
      <Unit>
        <Filename Value="..\..\lazarus\components\printers\unix\cupsprinters.inc"/>
        <UsageCount Value="12"/>
        <EditorIndex Value="-1"/>
        <TopLine Value="760"/>
        <CursorPos X="26" Y="781"/>
      </Unit>
      <Unit>
        <Filename Value="..\..\lazarus\lcl\postscriptcanvas.pas"/>
        <UnitName Value="PostScriptCanvas"/>
        <UsageCount Value="10"/>
        <TopLine Value="1448"/>
        <CursorPos X="26" Y="1490"/>
        <SyntaxHighlighter Value="Delphi"/>
      </Unit>
      <Unit>
        <Filename Value="..\..\..\..\lcl\graphics.pp"/>
        <UnitName Value="Graphics"/>
        <Loaded Value="True"/>
        <UsageCount Value="12"/>
        <EditorIndex Value="3"/>
        <TopLine Value="928"/>
        <CursorPos X="16" Y="956"/>
      </Unit>
      <Unit>
        <Filename Value="..\..\..\..\lcl\include\canvas.inc"/>
        <Loaded Value="True"/>
        <UsageCount Value="12"/>
        <EditorIndex Value="2"/>
        <TopLine Value="1348"/>
        <CursorPos X="3" Y="1358"/>
      </Unit>
      <Unit>
        <Filename Value="..\..\lmf.pas"/>
        <Loaded Value="True"/>
        <UsageCount Value="11"/>
        <IsVisibleTab Value="True"/>
        <EditorIndex Value="4"/>
        <CursorPos X="16" Y="19"/>
      </Unit>
      <Unit>
        <Filename Value="..\..\lmfobj.pas"/>
        <UnitName Value="lmfObj"/>
        <Loaded Value="True"/>
        <UsageCount Value="20"/>
        <EditorIndex Value="5"/>
        <TopLine Value="82"/>
        <CursorPos X="12" Y="110"/>
      </Unit>
    </Units>
    <JumpHistory HistoryIndex="28">
      <Position>
        <Filename Value="..\..\lmf.pas"/>
        <Caret Line="1084" Column="3" TopLine="1078"/>
      </Position>
      <Position>
        <Filename Value="..\..\lmf.pas"/>
        <Caret Line="210" Column="15" TopLine="192"/>
      </Position>
      <Position>
        <Filename Value="..\..\lmf.pas"/>
        <Caret Line="1100" TopLine="1076"/>
      </Position>
      <Position>
        <Filename Value="..\..\lmf.pas"/>
        <Caret Line="237" Column="5" TopLine="217"/>
      </Position>
      <Position>
        <Filename Value="..\..\lmf.pas"/>
        <Caret Line="1176" Column="19" TopLine="1161"/>
      </Position>
      <Position>
        <Filename Value="..\..\lmf.pas"/>
        <Caret Line="239" Column="15" TopLine="221"/>
      </Position>
      <Position>
        <Filename Value="..\..\lmf.pas"/>
        <Caret Line="1181" Column="33" TopLine="1175"/>
      </Position>
      <Position>
        <Filename Value="..\..\lmf.pas"/>
        <Caret Line="239" Column="15" TopLine="221"/>
      </Position>
      <Position>
        <Filename Value="..\..\lmf.pas"/>
        <Caret Line="1181" TopLine="1175"/>
      </Position>
      <Position>
        <Filename Value="..\..\lmf.pas"/>
        <Caret Line="1049" Column="21" TopLine="1032"/>
      </Position>
      <Position>
        <Filename Value="..\..\lmf.pas"/>
        <Caret Line="211" Column="19" TopLine="200"/>
      </Position>
      <Position>
        <Filename Value="..\..\lmf.pas"/>
        <Caret Line="599" Column="16" TopLine="571"/>
      </Position>
      <Position>
        <Filename Value="..\..\lmf.pas"/>
        <Caret Line="601" Column="17" TopLine="573"/>
      </Position>
      <Position>
        <Filename Value="..\..\lmf.pas"/>
        <Caret Line="886" Column="18" TopLine="874"/>
      </Position>
      <Position>
        <Filename Value="..\..\lmf.pas"/>
        <Caret Line="141" Column="12" TopLine="125"/>
      </Position>
      <Position>
        <Filename Value="..\..\lmf.pas"/>
        <Caret Line="884" Column="3" TopLine="882"/>
      </Position>
      <Position>
        <Filename Value="..\..\lmf.pas"/>
        <Caret Line="38" Column="9" TopLine="17"/>
      </Position>
      <Position>
        <Filename Value="..\..\lmfobj.pas"/>
        <Caret Line="52" Column="40" TopLine="22"/>
      </Position>
      <Position>
        <Filename Value="..\..\lmf.pas"/>
        <Caret Line="614" Column="8" TopLine="597"/>
      </Position>
      <Position>
        <Filename Value="..\..\lmf.pas"/>
        <Caret Line="270" Column="3" TopLine="242"/>
      </Position>
      <Position>
        <Filename Value="..\..\lmfobj.pas"/>
        <Caret Line="9" Column="3"/>
      </Position>
      <Position>
        <Filename Value="..\..\lmfobj.pas"/>
        <Caret Line="49" Column="3" TopLine="28"/>
      </Position>
      <Position>
        <Filename Value="..\..\lmf.pas"/>
        <Caret Line="624" Column="10" TopLine="600"/>
      </Position>
      <Position>
        <Filename Value="..\..\lmf.pas"/>
        <Caret Line="616" Column="15" TopLine="600"/>
      </Position>
      <Position>
        <Filename Value="..\..\lmfobj.pas"/>
        <Caret Line="28" Column="32" TopLine="28"/>
      </Position>
      <Position>
        <Filename Value="..\..\lmfobj.pas"/>
      </Position>
      <Position>
        <Filename Value="..\..\lmfobj.pas"/>
        <Caret Line="112" Column="5" TopLine="87"/>
      </Position>
      <Position>
        <Filename Value="..\..\lmfobj.pas"/>
        <Caret Line="337" Column="3" TopLine="337"/>
      </Position>
      <Position>
        <Filename Value="..\..\lmfobj.pas"/>
      </Position>
    </JumpHistory>
  </ProjectOptions>
  <CompilerOptions>
    <Version Value="11"/>
    <PathDelim Value="\"/>
    <Target>
      <Filename Value="lmftest"/>
    </Target>
    <SearchPaths>
      <IncludeFiles Value="$(ProjOutDir)"/>
      <OtherUnitFiles Value="..\.."/>
      <UnitOutputDirectory Value="units\$(TargetCPU)-$(TargetOS)"/>
    </SearchPaths>
    <Parsing>
      <SyntaxOptions>
        <SyntaxMode Value="Delphi"/>
        <UseAnsiStrings Value="False"/>
      </SyntaxOptions>
    </Parsing>
    <Linking>
      <Debugging>
        <DebugInfoType Value="dsDwarf3"/>
      </Debugging>
      <Options>
        <Win32>
          <GraphicApplication Value="True"/>
        </Win32>
      </Options>
    </Linking>
  </CompilerOptions>
  <Debugging>
    <Exceptions>
      <Item>
        <Name Value="EAbort"/>
      </Item>
      <Item>
        <Name Value="ECodetoolError"/>
      </Item>
      <Item>
        <Name Value="EFOpenError"/>
      </Item>
    </Exceptions>
  </Debugging>
</CONFIG>
