<?xml version="1.0" encoding="UTF-8"?>
<CONFIG>
  <ProjectOptions>
    <Version Value="12"/>
    <PathDelim Value="\"/>
    <General>
      <Flags>
        <MainUnitHasCreateFormStatements Value="False"/>
        <MainUnitHasTitleStatement Value="False"/>
        <MainUnitHasScaledStatement Value="False"/>
        <LRSInOutputDirectory Value="False"/>
        <SaveJumpHistory Value="False"/>
        <SaveFoldState Value="False"/>
      </Flags>
      <SessionStorage Value="InProjectDir"/>
      <Title Value="TestMasks"/>
      <ResourceType Value="res"/>
    </General>
    <VersionInfo>
      <Language Value=""/>
      <CharSet Value=""/>
    </VersionInfo>
    <BuildModes>
      <Item Name="default" Default="True"/>
    </BuildModes>
    <PublishOptions>
      <Version Value="2"/>
    </PublishOptions>
    <RunParams>
      <local>
        <LaunchingApplication PathPlusParams="\usr\X11R6\bin\xterm -T &apos;Lazarus Run Output&apos; -e $(LazarusDir)\tools\runwait.sh $(TargetCmdLine)"/>
      </local>
      <FormatVersion Value="2"/>
      <Modes>
        <Mode Name="default">
          <local>
            <LaunchingApplication PathPlusParams="\usr\X11R6\bin\xterm -T &apos;Lazarus Run Output&apos; -e $(LazarusDir)\tools\runwait.sh $(TargetCmdLine)"/>
          </local>
        </Mode>
      </Modes>
    </RunParams>
    <RequiredPackages>
      <Item>
        <PackageName Value="FPCUnitTestRunner"/>
      </Item>
      <Item>
        <PackageName Value="FCL"/>
      </Item>
    </RequiredPackages>
    <Units>
      <Unit>
        <Filename Value="testmasks.lpr"/>
        <IsPartOfProject Value="True"/>
        <UnitName Value="TestMasks"/>
      </Unit>
    </Units>
  </ProjectOptions>
  <CompilerOptions>
    <Version Value="11"/>
    <PathDelim Value="\"/>
  </CompilerOptions>
  <Debugging>
    <Exceptions>
      <Item>
        <Name Value="EMaskError"/>
      </Item>
    </Exceptions>
  </Debugging>
</CONFIG>
