<?xml version="1.0" encoding="UTF-8"?>
<CONFIG>
  <ProjectOptions>
    <Version Value="12"/>
    <PathDelim Value="\"/>
    <General>
      <SessionStorage Value="InProjectDir"/>
      <Title Value="JitClassesTest"/>
      <ResourceType Value="res"/>
      <UseXPManifest Value="True"/>
      <Icon Value="0"/>
    </General>
    <BuildModes>
      <Item Name="Default (no checks, O-)" Default="True"/>
      <Item Name="O- Sa">
        <CompilerOptions>
          <Version Value="11"/>
          <PathDelim Value="\"/>
          <Target>
            <Filename Value="JitClassesTest"/>
          </Target>
          <SearchPaths>
            <IncludeFiles Value="$(ProjOutDir)"/>
            <UnitOutputDirectory Value="lib\$(TargetCPU)-$(TargetOS)"/>
          </SearchPaths>
          <CodeGeneration>
            <Optimizations>
              <OptimizationLevel Value="0"/>
            </Optimizations>
          </CodeGeneration>
          <Linking>
            <Debugging>
              <DebugInfoType Value="dsDwarf3"/>
            </Debugging>
          </Linking>
        </CompilerOptions>
      </Item>
      <Item Name="O1 Sa">
        <CompilerOptions>
          <Version Value="11"/>
          <PathDelim Value="\"/>
          <Target>
            <Filename Value="JitClassesTest"/>
          </Target>
          <SearchPaths>
            <IncludeFiles Value="$(ProjOutDir)"/>
            <UnitOutputDirectory Value="lib\$(TargetCPU)-$(TargetOS)"/>
          </SearchPaths>
          <CodeGeneration>
            <Optimizations>
              <OptimizationLevel Value="0"/>
            </Optimizations>
          </CodeGeneration>
          <Linking>
            <Debugging>
              <DebugInfoType Value="dsDwarf3"/>
            </Debugging>
          </Linking>
        </CompilerOptions>
      </Item>
      <Item Name="O2">
        <CompilerOptions>
          <Version Value="11"/>
          <PathDelim Value="\"/>
          <Target>
            <Filename Value="JitClassesTest"/>
          </Target>
          <SearchPaths>
            <IncludeFiles Value="$(ProjOutDir)"/>
            <UnitOutputDirectory Value="lib\$(TargetCPU)-$(TargetOS)"/>
          </SearchPaths>
          <CodeGeneration>
            <Optimizations>
              <OptimizationLevel Value="0"/>
            </Optimizations>
          </CodeGeneration>
          <Linking>
            <Debugging>
              <DebugInfoType Value="dsDwarf3"/>
            </Debugging>
          </Linking>
        </CompilerOptions>
      </Item>
      <Item Name="O2 Sa">
        <CompilerOptions>
          <Version Value="11"/>
          <PathDelim Value="\"/>
          <Target>
            <Filename Value="JitClassesTest"/>
          </Target>
          <SearchPaths>
            <IncludeFiles Value="$(ProjOutDir)"/>
            <UnitOutputDirectory Value="lib\$(TargetCPU)-$(TargetOS)"/>
          </SearchPaths>
          <CodeGeneration>
            <Optimizations>
              <OptimizationLevel Value="0"/>
            </Optimizations>
          </CodeGeneration>
          <Linking>
            <Debugging>
              <DebugInfoType Value="dsDwarf3"/>
            </Debugging>
          </Linking>
        </CompilerOptions>
      </Item>
      <Item Name="O- CRiot ">
        <CompilerOptions>
          <Version Value="11"/>
          <PathDelim Value="\"/>
          <Target>
            <Filename Value="JitClassesTest"/>
          </Target>
          <SearchPaths>
            <IncludeFiles Value="$(ProjOutDir)"/>
            <UnitOutputDirectory Value="lib\$(TargetCPU)-$(TargetOS)"/>
          </SearchPaths>
          <CodeGeneration>
            <Optimizations>
              <OptimizationLevel Value="0"/>
            </Optimizations>
          </CodeGeneration>
          <Linking>
            <Debugging>
              <DebugInfoType Value="dsDwarf3"/>
            </Debugging>
          </Linking>
        </CompilerOptions>
      </Item>
      <Item Name="O- CRiot gh">
        <CompilerOptions>
          <Version Value="11"/>
          <PathDelim Value="\"/>
          <Target>
            <Filename Value="JitClassesTest"/>
          </Target>
          <SearchPaths>
            <IncludeFiles Value="$(ProjOutDir)"/>
            <UnitOutputDirectory Value="lib\$(TargetCPU)-$(TargetOS)"/>
          </SearchPaths>
          <CodeGeneration>
            <Optimizations>
              <OptimizationLevel Value="0"/>
            </Optimizations>
          </CodeGeneration>
          <Linking>
            <Debugging>
              <DebugInfoType Value="dsDwarf3"/>
            </Debugging>
          </Linking>
        </CompilerOptions>
      </Item>
      <Item Name="O- CRiot Sa gh gt">
        <CompilerOptions>
          <Version Value="11"/>
          <PathDelim Value="\"/>
          <Target>
            <Filename Value="JitClassesTest"/>
          </Target>
          <SearchPaths>
            <IncludeFiles Value="$(ProjOutDir)"/>
            <UnitOutputDirectory Value="lib\$(TargetCPU)-$(TargetOS)"/>
          </SearchPaths>
          <CodeGeneration>
            <Optimizations>
              <OptimizationLevel Value="0"/>
            </Optimizations>
          </CodeGeneration>
          <Linking>
            <Debugging>
              <DebugInfoType Value="dsDwarf3"/>
            </Debugging>
          </Linking>
        </CompilerOptions>
      </Item>
      <Item Name="O- CRiot Sa gh gtt">
        <CompilerOptions>
          <Version Value="11"/>
          <PathDelim Value="\"/>
          <Target>
            <Filename Value="JitClassesTest"/>
          </Target>
          <SearchPaths>
            <IncludeFiles Value="$(ProjOutDir)"/>
            <UnitOutputDirectory Value="lib\$(TargetCPU)-$(TargetOS)"/>
          </SearchPaths>
          <CodeGeneration>
            <Optimizations>
              <OptimizationLevel Value="0"/>
            </Optimizations>
          </CodeGeneration>
          <Linking>
            <Debugging>
              <DebugInfoType Value="dsDwarf3"/>
            </Debugging>
          </Linking>
        </CompilerOptions>
      </Item>
      <Item Name="O- CRiot Sa gh gttt">
        <CompilerOptions>
          <Version Value="11"/>
          <PathDelim Value="\"/>
          <Target>
            <Filename Value="JitClassesTest"/>
          </Target>
          <SearchPaths>
            <IncludeFiles Value="$(ProjOutDir)"/>
            <UnitOutputDirectory Value="lib\$(TargetCPU)-$(TargetOS)"/>
          </SearchPaths>
          <CodeGeneration>
            <Optimizations>
              <OptimizationLevel Value="0"/>
            </Optimizations>
          </CodeGeneration>
          <Linking>
            <Debugging>
              <DebugInfoType Value="dsDwarf3"/>
            </Debugging>
          </Linking>
        </CompilerOptions>
      </Item>
      <Item Name="valgrind">
        <CompilerOptions>
          <Version Value="11"/>
          <PathDelim Value="\"/>
          <Target>
            <Filename Value="JitClassesTest"/>
          </Target>
          <SearchPaths>
            <IncludeFiles Value="$(ProjOutDir)"/>
            <UnitOutputDirectory Value="lib\$(TargetCPU)-$(TargetOS)"/>
          </SearchPaths>
          <CodeGeneration>
            <Optimizations>
              <OptimizationLevel Value="0"/>
            </Optimizations>
          </CodeGeneration>
          <Linking>
            <Debugging>
              <DebugInfoType Value="dsDwarf3"/>
            </Debugging>
          </Linking>
        </CompilerOptions>
      </Item>
      <Item Name="valgrind CRriot Sa">
        <CompilerOptions>
          <Version Value="11"/>
          <PathDelim Value="\"/>
          <Target>
            <Filename Value="JitClassesTest"/>
          </Target>
          <SearchPaths>
            <IncludeFiles Value="$(ProjOutDir)"/>
            <UnitOutputDirectory Value="lib\$(TargetCPU)-$(TargetOS)"/>
          </SearchPaths>
          <CodeGeneration>
            <Optimizations>
              <OptimizationLevel Value="0"/>
            </Optimizations>
          </CodeGeneration>
          <Linking>
            <Debugging>
              <DebugInfoType Value="dsDwarf3"/>
            </Debugging>
          </Linking>
        </CompilerOptions>
      </Item>
      <Item Name="valgrind O3">
        <CompilerOptions>
          <Version Value="11"/>
          <PathDelim Value="\"/>
          <Target>
            <Filename Value="JitClassesTest"/>
          </Target>
          <SearchPaths>
            <IncludeFiles Value="$(ProjOutDir)"/>
            <UnitOutputDirectory Value="lib\$(TargetCPU)-$(TargetOS)"/>
          </SearchPaths>
          <CodeGeneration>
            <Optimizations>
              <OptimizationLevel Value="0"/>
            </Optimizations>
          </CodeGeneration>
          <Linking>
            <Debugging>
              <DebugInfoType Value="dsDwarf3"/>
            </Debugging>
          </Linking>
        </CompilerOptions>
      </Item>
      <Item Name="O3">
        <CompilerOptions>
          <Version Value="11"/>
          <PathDelim Value="\"/>
          <Target>
            <Filename Value="JitClassesTest"/>
          </Target>
          <SearchPaths>
            <IncludeFiles Value="$(ProjOutDir)"/>
            <UnitOutputDirectory Value="lib\$(TargetCPU)-$(TargetOS)"/>
          </SearchPaths>
          <CodeGeneration>
            <Optimizations>
              <OptimizationLevel Value="0"/>
            </Optimizations>
          </CodeGeneration>
          <Linking>
            <Debugging>
              <DebugInfoType Value="dsDwarf3"/>
            </Debugging>
          </Linking>
        </CompilerOptions>
      </Item>
      <Item Name="O3 Sa">
        <CompilerOptions>
          <Version Value="11"/>
          <PathDelim Value="\"/>
          <Target>
            <Filename Value="JitClassesTest"/>
          </Target>
          <SearchPaths>
            <IncludeFiles Value="$(ProjOutDir)"/>
            <UnitOutputDirectory Value="lib\$(TargetCPU)-$(TargetOS)"/>
          </SearchPaths>
          <CodeGeneration>
            <Optimizations>
              <OptimizationLevel Value="0"/>
            </Optimizations>
          </CodeGeneration>
          <Linking>
            <Debugging>
              <DebugInfoType Value="dsDwarf3"/>
            </Debugging>
          </Linking>
        </CompilerOptions>
      </Item>
      <Item Name="O4">
        <CompilerOptions>
          <Version Value="11"/>
          <PathDelim Value="\"/>
          <Target>
            <Filename Value="JitClassesTest"/>
          </Target>
          <SearchPaths>
            <IncludeFiles Value="$(ProjOutDir)"/>
            <UnitOutputDirectory Value="lib\$(TargetCPU)-$(TargetOS)"/>
          </SearchPaths>
          <CodeGeneration>
            <Optimizations>
              <OptimizationLevel Value="0"/>
            </Optimizations>
          </CodeGeneration>
          <Linking>
            <Debugging>
              <DebugInfoType Value="dsDwarf3"/>
            </Debugging>
          </Linking>
        </CompilerOptions>
      </Item>
      <Item Name="O4 Sa">
        <CompilerOptions>
          <Version Value="11"/>
          <PathDelim Value="\"/>
          <Target>
            <Filename Value="JitClassesTest"/>
          </Target>
          <SearchPaths>
            <IncludeFiles Value="$(ProjOutDir)"/>
            <UnitOutputDirectory Value="lib\$(TargetCPU)-$(TargetOS)"/>
          </SearchPaths>
          <CodeGeneration>
            <Optimizations>
              <OptimizationLevel Value="0"/>
            </Optimizations>
          </CodeGeneration>
          <Linking>
            <Debugging>
              <DebugInfoType Value="dsDwarf3"/>
            </Debugging>
          </Linking>
        </CompilerOptions>
      </Item>
      <Item Name="32 Bit: O- CRiot Sa gh gt1">
        <CompilerOptions>
          <Version Value="11"/>
          <PathDelim Value="\"/>
          <Target>
            <Filename Value="JitClassesTest"/>
          </Target>
          <SearchPaths>
            <IncludeFiles Value="$(ProjOutDir)"/>
            <UnitOutputDirectory Value="lib\$(TargetCPU)-$(TargetOS)"/>
          </SearchPaths>
          <CodeGeneration>
            <TargetCPU Value="i386"/>
            <TargetOS Value="win32"/>
            <Optimizations>
              <OptimizationLevel Value="0"/>
            </Optimizations>
          </CodeGeneration>
          <Linking>
            <Debugging>
              <DebugInfoType Value="dsDwarf3"/>
            </Debugging>
          </Linking>
        </CompilerOptions>
      </Item>
      <SharedMatrixOptions Count="16">
        <Item1 ID="971446859721" Targets="JitClasses" Modes="Default (no checks,, O-),O- Sa,O1 Sa,O2,O2 Sa,O- CRiot ,O- CRiot gh,O- CRiot Sa gh gt,O- CRiot Sa gh gtt,O- CRiot Sa gh gttt,O3,O3 Sa,O4,O4 Sa,32 Bit: O- CRiot Sa gh gt1" Value="-gw3"/>
        <Item2 ID="383246163008" Targets="#project,JitClasses" Modes="Default (no checks,, O-),O- Sa,O- CRiot ,O- CRiot gh,O- CRiot Sa gh gt,O- CRiot Sa gh gtt,O- CRiot Sa gh gttt,valgrind,valgrind CRriot Sa,32 Bit: O- CRiot Sa gh gt1" Value="-O-"/>
        <Item3 ID="403269128945" Targets="#project,JitClasses" Modes="O1 Sa" Value="-O1"/>
        <Item4 ID="610041055961" Targets="#project,JitClasses" Modes="O2,O2 Sa" Value="-O2"/>
        <Item5 ID="447198215213" Targets="#project,JitClasses" Modes="O3,O3 Sa,valgrind O3" Value="-O3"/>
        <Item6 ID="161646581428" Targets="#project,JitClasses" Modes="O4,O4 Sa" Value="-O4"/>
        <Item7 ID="351038686545" Targets="#project,JitClasses" Modes="O- Sa,O1 Sa,O2 Sa,valgrind CRriot Sa,O3 Sa,O4 Sa,32 Bit: O- CRiot Sa gh gt1" Value="-Sa"/>
        <Item8 ID="106671465616" Targets="#project,JitClasses" Modes="O- CRiot ,O- CRiot gh,O- CRiot Sa gh gt,O- CRiot Sa gh gtt,O- CRiot Sa gh gttt,valgrind CRriot Sa,32 Bit: O- CRiot Sa gh gt1" Value="-Criot"/>
        <Item9 ID="512522551894" Targets="#project,JitClasses" Modes="O- CRiot Sa gh gttt,O- CRiot Sa gh gtt,O- CRiot Sa gh gt,O- CRiot gh,O- CRiot ,valgrind CRriot Sa,32 Bit: O- CRiot Sa gh gt1" Value="-CR"/>
        <Item10 ID="044261464971" Targets="#project,JitClasses" Modes="O- CRiot gh,O- CRiot Sa gh gt,O- CRiot Sa gh gtt,O- CRiot Sa gh gttt,32 Bit: O- CRiot Sa gh gt1" Value="-gh"/>
        <Item11 ID="370821156896" Targets="#project,JitClasses" Modes="O- CRiot Sa gh gt,32 Bit: O- CRiot Sa gh gt1" Value="-gt"/>
        <Item12 ID="116625193878" Targets="#project,JitClasses" Modes="O- CRiot Sa gh gtt" Value="-gtt"/>
        <Item13 ID="728693769248" Targets="#project,JitClasses" Modes="O- CRiot Sa gh gttt" Value="-gttt"/>
        <Item14 ID="563660370601" Targets="#project,JitClasses" Modes="valgrind CRriot Sa,valgrind,valgrind O3" Value="-g- -gw2"/>
        <Item15 ID="837437772948" Targets="#project,JitClasses" Modes="valgrind CRriot Sa,valgrind,valgrind O3" Value="-gv"/>
        <Item16 ID="467843360118" Targets="#project,JitClasses" Modes="Default (no checks,, O-),O- Sa,O- CRiot ,O- CRiot gh,O- CRiot Sa gh gt,O- CRiot Sa gh gtt,O- CRiot Sa gh gttt,valgrind,valgrind CRriot Sa,32 Bit: O- CRiot Sa gh gt1" Value="-Si-"/>
      </SharedMatrixOptions>
    </BuildModes>
    <PublishOptions>
      <Version Value="2"/>
      <UseFileFilters Value="True"/>
    </PublishOptions>
    <RunParams>
      <FormatVersion Value="2"/>
    </RunParams>
    <RequiredPackages>
      <Item>
        <PackageName Value="JitClasses"/>
      </Item>
      <Item>
        <PackageName Value="fpcunittestrunner"/>
      </Item>
      <Item>
        <PackageName Value="LCL"/>
      </Item>
      <Item>
        <PackageName Value="FCL"/>
      </Item>
    </RequiredPackages>
    <Units>
      <Unit>
        <Filename Value="JitClassesTest.lpr"/>
        <IsPartOfProject Value="True"/>
      </Unit>
      <Unit>
        <Filename Value="testjitclass.pas"/>
        <IsPartOfProject Value="True"/>
        <UnitName Value="TestJitClass"/>
      </Unit>
    </Units>
  </ProjectOptions>
  <CompilerOptions>
    <Version Value="11"/>
    <PathDelim Value="\"/>
    <Target>
      <Filename Value="JitClassesTest"/>
    </Target>
    <SearchPaths>
      <IncludeFiles Value="$(ProjOutDir)"/>
      <UnitOutputDirectory Value="lib\$(TargetCPU)-$(TargetOS)"/>
    </SearchPaths>
    <CodeGeneration>
      <Optimizations>
        <OptimizationLevel Value="0"/>
      </Optimizations>
    </CodeGeneration>
    <Linking>
      <Debugging>
        <DebugInfoType Value="dsDwarf3"/>
      </Debugging>
    </Linking>
  </CompilerOptions>
  <Debugging>
    <Exceptions>
      <Item>
        <Name Value="EAbort"/>
      </Item>
      <Item>
        <Name Value="ECodetoolError"/>
      </Item>
      <Item>
        <Name Value="EFOpenError"/>
      </Item>
      <Item>
        <Name Value="JitTypeParserException"/>
      </Item>
      <Item>
        <Name Value="JitTypeParserExceptionTypeNotFound"/>
      </Item>
      <Item>
        <Name Value="JitTypeParserExceptionSyntaxError"/>
      </Item>
    </Exceptions>
  </Debugging>
</CONFIG>
