<?xml version="1.0" encoding="UTF-8"?>
<CONFIG>
  <ProjectOptions>
    <Version Value="12"/>
    <PathDelim Value="\"/>
    <General>
      <Flags>
        <CompatibilityMode Value="True"/>
      </Flags>
      <Title Value="IconTable"/>
      <Scaled Value="True"/>
      <ResourceType Value="res"/>
      <UseXPManifest Value="True"/>
      <XPManifest>
        <DpiAware Value="True"/>
      </XPManifest>
      <Icon Value="0"/>
    </General>
    <VersionInfo>
      <UseVersionInfo Value="True"/>
      <MajorVersionNr Value="1"/>
      <StringTable CompanyName="Lazarus and Free Pascal" InternalName="IconTable" LegalCopyright="Lazarus and Free Pascal - Roland Hahn" OriginalFilename="IconTable.exe" ProductName="IconTable" ProductVersion="1.0"/>
    </VersionInfo>
    <BuildModes Count="2" Active="Release">
      <Item1 Name="Debug" Default="True"/>
      <Item2 Name="Release">
        <CompilerOptions>
          <Version Value="11"/>
          <PathDelim Value="\"/>
          <Target>
            <Filename Value="IconTable"/>
          </Target>
          <SearchPaths>
            <IncludeFiles Value="$(ProjOutDir)"/>
            <UnitOutputDirectory Value="lib\$(TargetCPU)-$(TargetOS)"/>
          </SearchPaths>
          <CodeGeneration>
            <SmartLinkUnit Value="True"/>
            <Optimizations>
              <OptimizationLevel Value="2"/>
            </Optimizations>
          </CodeGeneration>
          <Linking>
            <Debugging>
              <GenerateDebugInfo Value="False"/>
              <RunWithoutDebug Value="True"/>
              <DebugInfoType Value="dsDwarf3"/>
            </Debugging>
            <LinkSmart Value="True"/>
            <Options>
              <Win32>
                <GraphicApplication Value="True"/>
              </Win32>
            </Options>
          </Linking>
        </CompilerOptions>
      </Item2>
    </BuildModes>
    <PublishOptions>
      <Version Value="2"/>
      <UseFileFilters Value="True"/>
    </PublishOptions>
    <RunParams>
      <FormatVersion Value="2"/>
    </RunParams>
    <RequiredPackages Count="3">
      <Item1>
        <PackageName Value="SynEditDsgn"/>
      </Item1>
      <Item2>
        <PackageName Value="SynEdit"/>
      </Item2>
      <Item3>
        <PackageName Value="LCL"/>
      </Item3>
    </RequiredPackages>
    <Units Count="3">
      <Unit0>
        <Filename Value="IconTable.lpr"/>
        <IsPartOfProject Value="True"/>
        <EditorIndex Value="-1"/>
        <UsageCount Value="28"/>
      </Unit0>
      <Unit1>
        <Filename Value="main.pas"/>
        <IsPartOfProject Value="True"/>
        <ComponentName Value="MainForm"/>
        <HasResources Value="True"/>
        <ResourceBaseClass Value="Form"/>
        <IsVisibleTab Value="True"/>
        <CursorPos X="42" Y="18"/>
        <UsageCount Value="28"/>
        <Loaded Value="True"/>
        <LoadedDesigner Value="True"/>
      </Unit1>
      <Unit2>
        <Filename Value="..\..\..\lcl\dialogs.pp"/>
        <UnitName Value="Dialogs"/>
        <EditorIndex Value="-1"/>
        <TopLine Value="525"/>
        <CursorPos X="50" Y="549"/>
        <UsageCount Value="10"/>
      </Unit2>
    </Units>
    <JumpHistory Count="30" HistoryIndex="29">
      <Position1>
        <Filename Value="main.pas"/>
        <Caret Line="379" Column="45" TopLine="351"/>
      </Position1>
      <Position2>
        <Filename Value="main.pas"/>
        <Caret Line="395" Column="7" TopLine="355"/>
      </Position2>
      <Position3>
        <Filename Value="main.pas"/>
        <Caret Line="43" Column="19" TopLine="23"/>
      </Position3>
      <Position4>
        <Filename Value="main.pas"/>
        <Caret Line="466" Column="20" TopLine="442"/>
      </Position4>
      <Position5>
        <Filename Value="main.pas"/>
        <Caret Line="43" Column="14" TopLine="20"/>
      </Position5>
      <Position6>
        <Filename Value="main.pas"/>
        <Caret Line="118" Column="23" TopLine="95"/>
      </Position6>
      <Position7>
        <Filename Value="main.pas"/>
        <Caret Line="136" Column="20" TopLine="96"/>
      </Position7>
      <Position8>
        <Filename Value="main.pas"/>
        <Caret Line="163" Column="75" TopLine="128"/>
      </Position8>
      <Position9>
        <Filename Value="main.pas"/>
        <Caret Line="80" Column="36" TopLine="56"/>
      </Position9>
      <Position10>
        <Filename Value="main.pas"/>
        <Caret Line="408" Column="10" TopLine="390"/>
      </Position10>
      <Position11>
        <Filename Value="main.pas"/>
        <Caret Line="80" Column="16" TopLine="65"/>
      </Position11>
      <Position12>
        <Filename Value="main.pas"/>
        <Caret Line="107" Column="7" TopLine="67"/>
      </Position12>
      <Position13>
        <Filename Value="main.pas"/>
        <Caret Line="108" Column="7" TopLine="68"/>
      </Position13>
      <Position14>
        <Filename Value="main.pas"/>
        <Caret Line="123" Column="7" TopLine="100"/>
      </Position14>
      <Position15>
        <Filename Value="main.pas"/>
        <Caret Line="126" Column="22" TopLine="100"/>
      </Position15>
      <Position16>
        <Filename Value="main.pas"/>
        <Caret Line="127" Column="32" TopLine="100"/>
      </Position16>
      <Position17>
        <Filename Value="main.pas"/>
        <Caret Line="129" Column="27" TopLine="100"/>
      </Position17>
      <Position18>
        <Filename Value="main.pas"/>
        <Caret Line="163" Column="64" TopLine="139"/>
      </Position18>
      <Position19>
        <Filename Value="main.pas"/>
        <Caret Line="409" Column="7" TopLine="385"/>
      </Position19>
      <Position20>
        <Filename Value="main.pas"/>
        <Caret Line="410" Column="7" TopLine="385"/>
      </Position20>
      <Position21>
        <Filename Value="main.pas"/>
        <Caret Line="420" Column="3" TopLine="385"/>
      </Position21>
      <Position22>
        <Filename Value="main.pas"/>
        <Caret Line="411" Column="53" TopLine="401"/>
      </Position22>
      <Position23>
        <Filename Value="main.pas"/>
        <Caret Line="120" Column="43" TopLine="97"/>
      </Position23>
      <Position24>
        <Filename Value="main.pas"/>
        <Caret Line="124" Column="68" TopLine="97"/>
      </Position24>
      <Position25>
        <Filename Value="main.pas"/>
        <Caret Line="140" Column="40" TopLine="100"/>
      </Position25>
      <Position26>
        <Filename Value="main.pas"/>
        <Caret Line="337" Column="39" TopLine="314"/>
      </Position26>
      <Position27>
        <Filename Value="main.pas"/>
        <Caret Line="411" Column="7" TopLine="387"/>
      </Position27>
      <Position28>
        <Filename Value="main.pas"/>
        <Caret Line="424" Column="23" TopLine="387"/>
      </Position28>
      <Position29>
        <Filename Value="main.pas"/>
      </Position29>
      <Position30>
        <Filename Value="main.pas"/>
        <Caret Line="37" Column="15" TopLine="13"/>
      </Position30>
    </JumpHistory>
  </ProjectOptions>
  <CompilerOptions>
    <Version Value="11"/>
    <PathDelim Value="\"/>
    <Target>
      <Filename Value="IconTable"/>
    </Target>
    <SearchPaths>
      <IncludeFiles Value="$(ProjOutDir)"/>
      <OtherUnitFiles Value="D:\LazarusProg\rhsUnit\"/>
      <UnitOutputDirectory Value="lib\$(TargetCPU)-$(TargetOS)"/>
    </SearchPaths>
    <Parsing>
      <SyntaxOptions>
        <IncludeAssertionCode Value="True"/>
      </SyntaxOptions>
    </Parsing>
    <CodeGeneration>
      <Checks>
        <IOChecks Value="True"/>
        <RangeChecks Value="True"/>
        <OverflowChecks Value="True"/>
        <StackChecks Value="True"/>
      </Checks>
      <VerifyObjMethodCallValidity Value="True"/>
      <Optimizations>
        <OptimizationLevel Value="0"/>
      </Optimizations>
    </CodeGeneration>
    <Linking>
      <Debugging>
        <DebugInfoType Value="dsDwarf3"/>
        <UseHeaptrc Value="True"/>
        <TrashVariables Value="True"/>
      </Debugging>
      <Options>
        <Win32>
          <GraphicApplication Value="True"/>
        </Win32>
      </Options>
    </Linking>
  </CompilerOptions>
  <Debugging>
    <Exceptions Count="3">
      <Item1>
        <Name Value="EAbort"/>
      </Item1>
      <Item2>
        <Name Value="ECodetoolError"/>
      </Item2>
      <Item3>
        <Name Value="EFOpenError"/>
      </Item3>
    </Exceptions>
  </Debugging>
</CONFIG>
