<?xml version="1.0" encoding="UTF-8"?>
<CONFIG>
  <ProjectOptions>
    <Version Value="12"/>
    <PathDelim Value="\"/>
    <General>
      <Flags>
        <CompatibilityMode Value="True"/>
      </Flags>
      <SessionStorage Value="InProjectDir"/>
      <Title Value="FpTest"/>
      <ResourceType Value="res"/>
      <UseXPManifest Value="True"/>
    </General>
    <i18n>
      <EnableI18N LFM="False"/>
    </i18n>
    <BuildModes Count="1">
      <Item1 Name="Default" Default="True"/>
    </BuildModes>
    <PublishOptions>
      <Version Value="2"/>
    </PublishOptions>
    <RunParams>
      <FormatVersion Value="2"/>
      <Modes Count="1">
        <Mode0 Name="default"/>
      </Modes>
    </RunParams>
    <RequiredPackages Count="5">
      <Item1>
        <PackageName Value="DebuggerIntf"/>
      </Item1>
      <Item2>
        <PackageName Value="fpdebug"/>
      </Item2>
      <Item3>
        <PackageName Value="FPCUnitTestRunner"/>
      </Item3>
      <Item4>
        <PackageName Value="LCL"/>
      </Item4>
      <Item5>
        <PackageName Value="FCL"/>
      </Item5>
    </RequiredPackages>
    <Units Count="10">
      <Unit0>
        <Filename Value="FpTest.lpr"/>
        <IsPartOfProject Value="True"/>
      </Unit0>
      <Unit1>
        <Filename Value="testtypeinfo.pas"/>
        <IsPartOfProject Value="True"/>
        <UnitName Value="TestTypeInfo"/>
      </Unit1>
      <Unit2>
        <Filename Value="testhelperclasses.pas"/>
        <IsPartOfProject Value="True"/>
        <UnitName Value="TestHelperClasses"/>
      </Unit2>
      <Unit3>
        <Filename Value="testdwarfsetup1.pas"/>
        <IsPartOfProject Value="True"/>
        <UnitName Value="TestDwarfSetup1"/>
      </Unit3>
      <Unit4>
        <Filename Value="testdwarfsetupbasic.pas"/>
        <IsPartOfProject Value="True"/>
        <UnitName Value="TestDwarfSetupBasic"/>
      </Unit4>
      <Unit5>
        <Filename Value="testdwarfvarious.pas"/>
        <IsPartOfProject Value="True"/>
        <UnitName Value="TestDwarfVarious"/>
      </Unit5>
      <Unit6>
        <Filename Value="testdwarfsetuparray.pas"/>
        <IsPartOfProject Value="True"/>
        <UnitName Value="TestDwarfSetupArray"/>
      </Unit6>
      <Unit7>
        <Filename Value="testmemmanager.pas"/>
        <IsPartOfProject Value="True"/>
        <UnitName Value="TestMemManager"/>
      </Unit7>
      <Unit8>
        <Filename Value="testpascalparser.pas"/>
        <IsPartOfProject Value="True"/>
        <UnitName Value="TestPascalParser"/>
      </Unit8>
      <Unit9>
        <Filename Value="testerrorhandler.pas"/>
        <IsPartOfProject Value="True"/>
        <UnitName Value="TestErrorHandler"/>
      </Unit9>
    </Units>
  </ProjectOptions>
  <CompilerOptions>
    <Version Value="11"/>
    <PathDelim Value="\"/>
    <SearchPaths>
      <IncludeFiles Value="$(ProjOutDir)"/>
      <UnitOutputDirectory Value="lib\$(TargetCPU)-$(TargetOS)"/>
    </SearchPaths>
    <Linking>
      <Debugging>
        <DebugInfoType Value="dsDwarf3"/>
      </Debugging>
    </Linking>
  </CompilerOptions>
  <Debugging>
    <Exceptions Count="3">
      <Item1>
        <Name Value="EAbort"/>
      </Item1>
      <Item2>
        <Name Value="ECodetoolError"/>
      </Item2>
      <Item3>
        <Name Value="EFOpenError"/>
      </Item3>
    </Exceptions>
  </Debugging>
</CONFIG>
