<?xml version="1.0" encoding="UTF-8"?>
<CONFIG>
  <ProjectOptions>
    <Version Value="13"/>
    <General>
      <Flags>
        <MainUnitHasCreateFormStatements Value="False"/>
        <MainUnitHasTitleStatement Value="False"/>
        <MainUnitHasScaledStatement Value="False"/>
        <LRSInOutputDirectory Value="False"/>
      </Flags>
      <SessionStorage Value="InProjectDir"/>
    </General>
    <BuildModes>
      <Item Name="default" Default="True"/>
    </BuildModes>
    <PublishOptions>
      <Version Value="2"/>
    </PublishOptions>
    <RunParams>
      <local>
        <CommandLineParams Value=". ../ide/revision.inc"/>
        <LaunchingApplication PathPlusParams="/usr/X11R6/bin/xterm -T &apos;Lazarus Run Output&apos; -e $(LazarusDir)/tools/runwait.sh $(TargetCmdLine)"/>
      </local>
      <FormatVersion Value="2"/>
      <Modes>
        <Mode Name="default">
          <local>
            <CommandLineParams Value=". ../ide/revision.inc"/>
            <LaunchingApplication PathPlusParams="/usr/X11R6/bin/xterm -T &apos;Lazarus Run Output&apos; -e $(LazarusDir)/tools/runwait.sh $(TargetCmdLine)"/>
          </local>
        </Mode>
      </Modes>
    </RunParams>
    <RequiredPackages>
      <Item>
        <PackageName Value="LazUtils"/>
      </Item>
      <Item>
        <PackageName Value="FCL"/>
      </Item>
    </RequiredPackages>
    <Units>
      <Unit>
        <Filename Value="svn2revisioninc.pas"/>
        <IsPartOfProject Value="True"/>
        <UnitName Value="Svn2RevisionInc"/>
      </Unit>
    </Units>
  </ProjectOptions>
  <CompilerOptions>
    <Version Value="11"/>
    <Parsing>
      <SyntaxOptions>
        <UseAnsiStrings Value="False"/>
      </SyntaxOptions>
    </Parsing>
    <CodeGeneration>
      <SmartLinkUnit Value="True"/>
    </CodeGeneration>
    <Linking>
      <Debugging>
        <GenerateDebugInfo Value="False"/>
        <UseLineInfoUnit Value="False"/>
      </Debugging>
      <LinkSmart Value="True"/>
    </Linking>
  </CompilerOptions>
</CONFIG>
